
Microsoft Visual Studio Solution File, Format Version 12.00
# Visual Studio 15
VisualStudioVersion = 15.0.28307.2017
MinimumVisualStudioVersion = 10.0.40219.1
Project("{FAE04EC0-301F-11D3-BF4B-00C04F79EFBC}") = "MAths tester correct", "MAths tester correct\MAths tester correct.csproj", "{5178268D-A6C7-4F56-9829-464CE8BC9626}"
EndProject
Global
	GlobalSection(SolutionConfigurationPlatforms) = preSolution
		Debug|Any CPU = Debug|Any CPU
		Release|Any CPU = Release|Any CPU
	EndGlobalSection
	GlobalSection(ProjectConfigurationPlatforms) = postSolution
		{5178268D-A6C7-4F56-9829-464CE8BC9626}.Debug|Any CPU.ActiveCfg = Debug|Any CPU
		{5178268D-A6C7-4F56-9829-464CE8BC9626}.Debug|Any CPU.Build.0 = Debug|Any CPU
		{5178268D-A6C7-4F56-9829-464CE8BC9626}.Release|Any CPU.ActiveCfg = Release|Any CPU
		{5178268D-A6C7-4F56-9829-464CE8BC9626}.Release|Any CPU.Build.0 = Release|Any CPU
	EndGlobalSection
	GlobalSection(SolutionProperties) = preSolution
		HideSolutionNode = FALSE
	EndGlobalSection
	GlobalSection(ExtensibilityGlobals) = postSolution
		SolutionGuid = {488E63E4-78B4-4FB0-9DAE-936E8D0B348C}
	EndGlobalSection
EndGlobal
